
Microsoft Visual Studio Solution File, Format Version 12.00
# Visual Studio Version 16
VisualStudioVersion = 16.0.30413.136
MinimumVisualStudioVersion = 10.0.40219.1
Project("{FAE04EC0-301F-11D3-BF4B-00C04F79EFBC}") = "JWT Authentication", "JWT Authentication.csproj", "{CA8332A4-E3B1-4298-91FA-246F55503D91}"
EndProject
Global
	GlobalSection(SolutionConfigurationPlatforms) = preSolution
		Debug|Any CPU = Debug|Any CPU
		Release|Any CPU = Release|Any CPU
	EndGlobalSection
	GlobalSection(ProjectConfigurationPlatforms) = postSolution
		{CA8332A4-E3B1-4298-91FA-246F55503D91}.Debug|Any CPU.ActiveCfg = Debug|Any CPU
		{CA8332A4-E3B1-4298-91FA-246F55503D91}.Debug|Any CPU.Build.0 = Debug|Any CPU
		{CA8332A4-E3B1-4298-91FA-246F55503D91}.Release|Any CPU.ActiveCfg = Release|Any CPU
		{CA8332A4-E3B1-4298-91FA-246F55503D91}.Release|Any CPU.Build.0 = Release|Any CPU
	EndGlobalSection
	GlobalSection(SolutionProperties) = preSolution
		HideSolutionNode = FALSE
	EndGlobalSection
	GlobalSection(ExtensibilityGlobals) = postSolution
		SolutionGuid = {227BDC24-B779-4653-A569-246D97B0F8EC}
	EndGlobalSection
EndGlobal
